
Microsoft Visual Studio Solution File, Format Version 12.00
# Visual Studio Version 16
VisualStudioVersion = 16.0.31313.79
MinimumVisualStudioVersion = 10.0.40219.1
Project("{9A19103F-16F7-4668-BE54-9A1E7A4F7556}") = "HRTraining_ASPNETCore", "HRTraining_ASPNETCore\HRTraining_ASPNETCore.csproj", "{97F0869C-C30F-4364-A099-AF7F262D76E7}"
EndProject
Project("{9A19103F-16F7-4668-BE54-9A1E7A4F7556}") = "HRTraining.Core", "HRTraining.Core\HRTraining.Core.csproj", "{39203099-5BB5-40AE-AC94-15331A23646C}"
EndProject
Project("{9A19103F-16F7-4668-BE54-9A1E7A4F7556}") = "HRTraining.Data", "HRTraining.Data\HRTraining.Data.csproj", "{BB674F3A-F932-46DE-9281-47279E2605E4}"
EndProject
Global
	GlobalSection(SolutionConfigurationPlatforms) = preSolution
		Debug|Any CPU = Debug|Any CPU
		Release|Any CPU = Release|Any CPU
	EndGlobalSection
	GlobalSection(ProjectConfigurationPlatforms) = postSolution
		{97F0869C-C30F-4364-A099-AF7F262D76E7}.Debug|Any CPU.ActiveCfg = Debug|Any CPU
		{97F0869C-C30F-4364-A099-AF7F262D76E7}.Debug|Any CPU.Build.0 = Debug|Any CPU
		{97F0869C-C30F-4364-A099-AF7F262D76E7}.Release|Any CPU.ActiveCfg = Release|Any CPU
		{97F0869C-C30F-4364-A099-AF7F262D76E7}.Release|Any CPU.Build.0 = Release|Any CPU
		{39203099-5BB5-40AE-AC94-15331A23646C}.Debug|Any CPU.ActiveCfg = Debug|Any CPU
		{39203099-5BB5-40AE-AC94-15331A23646C}.Debug|Any CPU.Build.0 = Debug|Any CPU
		{39203099-5BB5-40AE-AC94-15331A23646C}.Release|Any CPU.ActiveCfg = Release|Any CPU
		{39203099-5BB5-40AE-AC94-15331A23646C}.Release|Any CPU.Build.0 = Release|Any CPU
		{BB674F3A-F932-46DE-9281-47279E2605E4}.Debug|Any CPU.ActiveCfg = Debug|Any CPU
		{BB674F3A-F932-46DE-9281-47279E2605E4}.Debug|Any CPU.Build.0 = Debug|Any CPU
		{BB674F3A-F932-46DE-9281-47279E2605E4}.Release|Any CPU.ActiveCfg = Release|Any CPU
		{BB674F3A-F932-46DE-9281-47279E2605E4}.Release|Any CPU.Build.0 = Release|Any CPU
	EndGlobalSection
	GlobalSection(SolutionProperties) = preSolution
		HideSolutionNode = FALSE
	EndGlobalSection
	GlobalSection(ExtensibilityGlobals) = postSolution
		SolutionGuid = {37D9BBAD-DDA8-41AB-9F66-CA50666E63C5}
	EndGlobalSection
EndGlobal
